
Microsoft Visual Studio Solution File, Format Version 11.00
# Visual Studio 2010
Project("{FAE04EC0-301F-11D3-BF4B-00C04F79EFBC}") = "Unity Extension", "Assembly-CSharp.csproj", "{15B4D90C-6B85-0C8F-94F3-BB452C249D43}"
EndProject
Project("{FAE04EC0-301F-11D3-BF4B-00C04F79EFBC}") = "Unity Extension", "Assembly-CSharp-Editor.csproj", "{C9CFA164-33D2-A44B-00CC-A0AB4CD854CF}"
EndProject
Project("{FAE04EC0-301F-11D3-BF4B-00C04F79EFBC}") = "Unity Extension", "Assembly-UnityScript.unityproj", "{4D45F574-ED8C-7BF8-F831-9C5070382203}"
EndProject
Project("{FAE04EC0-301F-11D3-BF4B-00C04F79EFBC}") = "Unity Extension", "Assembly-UnityScript-Editor.unityproj", "{0001D5DE-FB49-D86F-CAED-87030CE2725F}"
EndProject
Global
	GlobalSection(SolutionConfigurationPlatforms) = preSolution
		Debug|Any CPU = Debug|Any CPU
		Release|Any CPU = Release|Any CPU
	EndGlobalSection
	GlobalSection(ProjectConfigurationPlatforms) = postSolution
		{15B4D90C-6B85-0C8F-94F3-BB452C249D43}.Debug|Any CPU.ActiveCfg = Debug|Any CPU
		{15B4D90C-6B85-0C8F-94F3-BB452C249D43}.Debug|Any CPU.Build.0 = Debug|Any CPU
		{15B4D90C-6B85-0C8F-94F3-BB452C249D43}.Release|Any CPU.ActiveCfg = Release|Any CPU
		{15B4D90C-6B85-0C8F-94F3-BB452C249D43}.Release|Any CPU.Build.0 = Release|Any CPU
		{C9CFA164-33D2-A44B-00CC-A0AB4CD854CF}.Debug|Any CPU.ActiveCfg = Debug|Any CPU
		{C9CFA164-33D2-A44B-00CC-A0AB4CD854CF}.Debug|Any CPU.Build.0 = Debug|Any CPU
		{C9CFA164-33D2-A44B-00CC-A0AB4CD854CF}.Release|Any CPU.ActiveCfg = Release|Any CPU
		{C9CFA164-33D2-A44B-00CC-A0AB4CD854CF}.Release|Any CPU.Build.0 = Release|Any CPU
		{4D45F574-ED8C-7BF8-F831-9C5070382203}.Debug|Any CPU.ActiveCfg = Debug|Any CPU
		{4D45F574-ED8C-7BF8-F831-9C5070382203}.Debug|Any CPU.Build.0 = Debug|Any CPU
		{4D45F574-ED8C-7BF8-F831-9C5070382203}.Release|Any CPU.ActiveCfg = Release|Any CPU
		{4D45F574-ED8C-7BF8-F831-9C5070382203}.Release|Any CPU.Build.0 = Release|Any CPU
		{0001D5DE-FB49-D86F-CAED-87030CE2725F}.Debug|Any CPU.ActiveCfg = Debug|Any CPU
		{0001D5DE-FB49-D86F-CAED-87030CE2725F}.Debug|Any CPU.Build.0 = Debug|Any CPU
		{0001D5DE-FB49-D86F-CAED-87030CE2725F}.Release|Any CPU.ActiveCfg = Release|Any CPU
		{0001D5DE-FB49-D86F-CAED-87030CE2725F}.Release|Any CPU.Build.0 = Release|Any CPU
	EndGlobalSection
	GlobalSection(SolutionProperties) = preSolution
		HideSolutionNode = FALSE
	EndGlobalSection
	GlobalSection(MonoDevelopProperties) = preSolution
		StartupItem = Assembly-CSharp.csproj
	EndGlobalSection
EndGlobal
